
Microsoft Visual Studio Solution File, Format Version 12.00
Project("{FAE04EC0-301F-11D3-BF4B-00C04F79EFBC}") = "Tetra", "Tetra\Tetra.csproj", "{0936B3F8-84AD-4CAA-AC78-96F567F90E29}"
EndProject
Project("{FAE04EC0-301F-11D3-BF4B-00C04F79EFBC}") = "Tetra.Shared", "Tetra.Shared\Tetra.Shared.csproj", "{7914311C-257B-45F1-9A2B-8AFF85621D92}"
EndProject
Global
	GlobalSection(SolutionConfigurationPlatforms) = preSolution
		Debug|Any CPU = Debug|Any CPU
		Release|Any CPU = Release|Any CPU
	EndGlobalSection
	GlobalSection(ProjectConfigurationPlatforms) = postSolution
		{0936B3F8-84AD-4CAA-AC78-96F567F90E29}.Debug|Any CPU.ActiveCfg = Debug|Any CPU
		{0936B3F8-84AD-4CAA-AC78-96F567F90E29}.Debug|Any CPU.Build.0 = Debug|Any CPU
		{0936B3F8-84AD-4CAA-AC78-96F567F90E29}.Release|Any CPU.ActiveCfg = Release|Any CPU
		{0936B3F8-84AD-4CAA-AC78-96F567F90E29}.Release|Any CPU.Build.0 = Release|Any CPU
		{7914311C-257B-45F1-9A2B-8AFF85621D92}.Debug|Any CPU.ActiveCfg = Debug|Any CPU
		{7914311C-257B-45F1-9A2B-8AFF85621D92}.Debug|Any CPU.Build.0 = Debug|Any CPU
		{7914311C-257B-45F1-9A2B-8AFF85621D92}.Release|Any CPU.ActiveCfg = Release|Any CPU
		{7914311C-257B-45F1-9A2B-8AFF85621D92}.Release|Any CPU.Build.0 = Release|Any CPU
	EndGlobalSection
EndGlobal
